
Microsoft Visual Studio Solution File, Format Version 12.00
# Visual Studio Version 17
VisualStudioVersion = 17.5.33424.131
MinimumVisualStudioVersion = 10.0.40219.1
Project("{FAE04EC0-301F-11D3-BF4B-00C04F79EFBC}") = "Presentacion", "Template\Presentacion.csproj", "{221BE14B-E34A-46B7-9A9B-1330A8148808}"
EndProject
Project("{FAE04EC0-301F-11D3-BF4B-00C04F79EFBC}") = "Datos", "Datos\Datos.csproj", "{A343B9FB-653A-4EFA-A7BD-605AD8346C45}"
EndProject
Project("{FAE04EC0-301F-11D3-BF4B-00C04F79EFBC}") = "Negocio", "Negocio\Negocio.csproj", "{2E96B307-7A8A-42DD-B810-24C1DA3BB5FC}"
EndProject
Project("{FAE04EC0-301F-11D3-BF4B-00C04F79EFBC}") = "Entidades", "Entidades\Entidades.csproj", "{0EFA643E-FE0D-483F-B262-55823B53F03B}"
EndProject
Global
	GlobalSection(SolutionConfigurationPlatforms) = preSolution
		Debug|Any CPU = Debug|Any CPU
		Release|Any CPU = Release|Any CPU
	EndGlobalSection
	GlobalSection(ProjectConfigurationPlatforms) = postSolution
		{221BE14B-E34A-46B7-9A9B-1330A8148808}.Debug|Any CPU.ActiveCfg = Debug|Any CPU
		{221BE14B-E34A-46B7-9A9B-1330A8148808}.Debug|Any CPU.Build.0 = Debug|Any CPU
		{221BE14B-E34A-46B7-9A9B-1330A8148808}.Release|Any CPU.ActiveCfg = Release|Any CPU
		{221BE14B-E34A-46B7-9A9B-1330A8148808}.Release|Any CPU.Build.0 = Release|Any CPU
		{A343B9FB-653A-4EFA-A7BD-605AD8346C45}.Debug|Any CPU.ActiveCfg = Debug|Any CPU
		{A343B9FB-653A-4EFA-A7BD-605AD8346C45}.Debug|Any CPU.Build.0 = Debug|Any CPU
		{A343B9FB-653A-4EFA-A7BD-605AD8346C45}.Release|Any CPU.ActiveCfg = Release|Any CPU
		{A343B9FB-653A-4EFA-A7BD-605AD8346C45}.Release|Any CPU.Build.0 = Release|Any CPU
		{2E96B307-7A8A-42DD-B810-24C1DA3BB5FC}.Debug|Any CPU.ActiveCfg = Debug|Any CPU
		{2E96B307-7A8A-42DD-B810-24C1DA3BB5FC}.Debug|Any CPU.Build.0 = Debug|Any CPU
		{2E96B307-7A8A-42DD-B810-24C1DA3BB5FC}.Release|Any CPU.ActiveCfg = Release|Any CPU
		{2E96B307-7A8A-42DD-B810-24C1DA3BB5FC}.Release|Any CPU.Build.0 = Release|Any CPU
		{0EFA643E-FE0D-483F-B262-55823B53F03B}.Debug|Any CPU.ActiveCfg = Debug|Any CPU
		{0EFA643E-FE0D-483F-B262-55823B53F03B}.Debug|Any CPU.Build.0 = Debug|Any CPU
		{0EFA643E-FE0D-483F-B262-55823B53F03B}.Release|Any CPU.ActiveCfg = Release|Any CPU
		{0EFA643E-FE0D-483F-B262-55823B53F03B}.Release|Any CPU.Build.0 = Release|Any CPU
	EndGlobalSection
	GlobalSection(SolutionProperties) = preSolution
		HideSolutionNode = FALSE
	EndGlobalSection
	GlobalSection(ExtensibilityGlobals) = postSolution
		SolutionGuid = {4AC9FCB9-15D4-439D-9F96-78FAAC6588E7}
	EndGlobalSection
EndGlobal
